
Microsoft Visual Studio Solution File, Format Version 12.00
# Visual Studio Version 16
VisualStudioVersion = 16.0.29920.165
MinimumVisualStudioVersion = 10.0.40219.1
Project("{FAE04EC0-301F-11D3-BF4B-00C04F79EFBC}") = "TSheetIntegration", "TSheetIntegration\TSheetIntegration.csproj", "{4F904BBB-45F8-4752-8A4C-E96C88A6B4E6}"
EndProject
Project("{FAE04EC0-301F-11D3-BF4B-00C04F79EFBC}") = "TSheetsApi", "TSheetsApi\TSheetsApi.csproj", "{7816EFF1-ACD8-4ACD-9785-44DD321D9BB9}"
EndProject
Global
	GlobalSection(SolutionConfigurationPlatforms) = preSolution
		Debug|Any CPU = Debug|Any CPU
		Release|Any CPU = Release|Any CPU
	EndGlobalSection
	GlobalSection(ProjectConfigurationPlatforms) = postSolution
		{4F904BBB-45F8-4752-8A4C-E96C88A6B4E6}.Debug|Any CPU.ActiveCfg = Debug|Any CPU
		{4F904BBB-45F8-4752-8A4C-E96C88A6B4E6}.Debug|Any CPU.Build.0 = Debug|Any CPU
		{4F904BBB-45F8-4752-8A4C-E96C88A6B4E6}.Release|Any CPU.ActiveCfg = Release|Any CPU
		{4F904BBB-45F8-4752-8A4C-E96C88A6B4E6}.Release|Any CPU.Build.0 = Release|Any CPU
		{7816EFF1-ACD8-4ACD-9785-44DD321D9BB9}.Debug|Any CPU.ActiveCfg = Debug|Any CPU
		{7816EFF1-ACD8-4ACD-9785-44DD321D9BB9}.Debug|Any CPU.Build.0 = Debug|Any CPU
		{7816EFF1-ACD8-4ACD-9785-44DD321D9BB9}.Release|Any CPU.ActiveCfg = Release|Any CPU
		{7816EFF1-ACD8-4ACD-9785-44DD321D9BB9}.Release|Any CPU.Build.0 = Release|Any CPU
	EndGlobalSection
	GlobalSection(SolutionProperties) = preSolution
		HideSolutionNode = FALSE
	EndGlobalSection
	GlobalSection(ExtensibilityGlobals) = postSolution
		SolutionGuid = {784A903E-C72E-4602-9C7B-B11072D7CFB9}
	EndGlobalSection
EndGlobal
